
Microsoft Visual Studio Solution File, Format Version 12.00
# Visual Studio Version 16
VisualStudioVersion = 16.0.29609.76
MinimumVisualStudioVersion = 10.0.40219.1
Project("{FAE04EC0-301F-11D3-BF4B-00C04F79EFBC}") = "ComponentB", "ComponentB\ComponentB.csproj", "{E930239B-B246-44FC-9086-B53F57B346D0}"
EndProject
Project("{FAE04EC0-301F-11D3-BF4B-00C04F79EFBC}") = "ComponentB.Bitcoin", "ComponentB.Bitcoin\ComponentB.Bitcoin.csproj", "{0DE0A4D5-9175-4864-9EF6-B0BB7581F96F}"
EndProject
Project("{FAE04EC0-301F-11D3-BF4B-00C04F79EFBC}") = "ComponentB.Ethereum", "ComponentB.Ethereum\ComponentB.Ethereum.csproj", "{600B3230-771D-4960-858D-239AD5C1FDD6}"
EndProject
Project("{FAE04EC0-301F-11D3-BF4B-00C04F79EFBC}") = "ComponentB.Ethereum.ERC20", "ComponentB.Ethereum.ERC20\ComponentB.Ethereum.ERC20.csproj", "{03A63DFD-08FB-4966-9918-0C06C8396F21}"
EndProject
Project("{FAE04EC0-301F-11D3-BF4B-00C04F79EFBC}") = "ComponentB.Aion", "ComponentB.Aion\ComponentB.Aion.csproj", "{FA81336D-BBBD-4084-899D-4A3EF80C21B2}"
EndProject
Project("{FAE04EC0-301F-11D3-BF4B-00C04F79EFBC}") = "ComponentB.Icon", "ComponentB.Icon\ComponentB.Icon.csproj", "{567C4010-445B-4628-BD54-E556D042EC41}"
EndProject
Project("{FAE04EC0-301F-11D3-BF4B-00C04F79EFBC}") = "ComponentB.Neo", "ComponentB.Neo\ComponentB.Neo.csproj", "{6DEE8DD1-0B6F-4EB4-9491-44C0F9E57B99}"
EndProject
Project("{FAE04EC0-301F-11D3-BF4B-00C04F79EFBC}") = "ComponentB.Waves", "ComponentB.Waves\ComponentB.Waves.csproj", "{F3E5E98B-2A51-485E-93A6-2EFFCDB44265}"
EndProject
Global
	GlobalSection(SolutionConfigurationPlatforms) = preSolution
		Debug|Any CPU = Debug|Any CPU
		Release|Any CPU = Release|Any CPU
	EndGlobalSection
	GlobalSection(ProjectConfigurationPlatforms) = postSolution
		{E930239B-B246-44FC-9086-B53F57B346D0}.Debug|Any CPU.ActiveCfg = Debug|Any CPU
		{E930239B-B246-44FC-9086-B53F57B346D0}.Debug|Any CPU.Build.0 = Debug|Any CPU
		{E930239B-B246-44FC-9086-B53F57B346D0}.Release|Any CPU.ActiveCfg = Release|Any CPU
		{E930239B-B246-44FC-9086-B53F57B346D0}.Release|Any CPU.Build.0 = Release|Any CPU
		{0DE0A4D5-9175-4864-9EF6-B0BB7581F96F}.Debug|Any CPU.ActiveCfg = Debug|Any CPU
		{0DE0A4D5-9175-4864-9EF6-B0BB7581F96F}.Debug|Any CPU.Build.0 = Debug|Any CPU
		{0DE0A4D5-9175-4864-9EF6-B0BB7581F96F}.Release|Any CPU.ActiveCfg = Release|Any CPU
		{0DE0A4D5-9175-4864-9EF6-B0BB7581F96F}.Release|Any CPU.Build.0 = Release|Any CPU
		{600B3230-771D-4960-858D-239AD5C1FDD6}.Debug|Any CPU.ActiveCfg = Debug|Any CPU
		{600B3230-771D-4960-858D-239AD5C1FDD6}.Debug|Any CPU.Build.0 = Debug|Any CPU
		{600B3230-771D-4960-858D-239AD5C1FDD6}.Release|Any CPU.ActiveCfg = Release|Any CPU
		{600B3230-771D-4960-858D-239AD5C1FDD6}.Release|Any CPU.Build.0 = Release|Any CPU
		{03A63DFD-08FB-4966-9918-0C06C8396F21}.Debug|Any CPU.ActiveCfg = Debug|Any CPU
		{03A63DFD-08FB-4966-9918-0C06C8396F21}.Debug|Any CPU.Build.0 = Debug|Any CPU
		{03A63DFD-08FB-4966-9918-0C06C8396F21}.Release|Any CPU.ActiveCfg = Release|Any CPU
		{03A63DFD-08FB-4966-9918-0C06C8396F21}.Release|Any CPU.Build.0 = Release|Any CPU
		{FA81336D-BBBD-4084-899D-4A3EF80C21B2}.Debug|Any CPU.ActiveCfg = Debug|Any CPU
		{FA81336D-BBBD-4084-899D-4A3EF80C21B2}.Debug|Any CPU.Build.0 = Debug|Any CPU
		{FA81336D-BBBD-4084-899D-4A3EF80C21B2}.Release|Any CPU.ActiveCfg = Release|Any CPU
		{FA81336D-BBBD-4084-899D-4A3EF80C21B2}.Release|Any CPU.Build.0 = Release|Any CPU
		{567C4010-445B-4628-BD54-E556D042EC41}.Debug|Any CPU.ActiveCfg = Debug|Any CPU
		{567C4010-445B-4628-BD54-E556D042EC41}.Debug|Any CPU.Build.0 = Debug|Any CPU
		{567C4010-445B-4628-BD54-E556D042EC41}.Release|Any CPU.ActiveCfg = Release|Any CPU
		{567C4010-445B-4628-BD54-E556D042EC41}.Release|Any CPU.Build.0 = Release|Any CPU
		{6DEE8DD1-0B6F-4EB4-9491-44C0F9E57B99}.Debug|Any CPU.ActiveCfg = Debug|Any CPU
		{6DEE8DD1-0B6F-4EB4-9491-44C0F9E57B99}.Debug|Any CPU.Build.0 = Debug|Any CPU
		{6DEE8DD1-0B6F-4EB4-9491-44C0F9E57B99}.Release|Any CPU.ActiveCfg = Release|Any CPU
		{6DEE8DD1-0B6F-4EB4-9491-44C0F9E57B99}.Release|Any CPU.Build.0 = Release|Any CPU
		{F3E5E98B-2A51-485E-93A6-2EFFCDB44265}.Debug|Any CPU.ActiveCfg = Debug|Any CPU
		{F3E5E98B-2A51-485E-93A6-2EFFCDB44265}.Debug|Any CPU.Build.0 = Debug|Any CPU
		{F3E5E98B-2A51-485E-93A6-2EFFCDB44265}.Release|Any CPU.ActiveCfg = Release|Any CPU
		{F3E5E98B-2A51-485E-93A6-2EFFCDB44265}.Release|Any CPU.Build.0 = Release|Any CPU
	EndGlobalSection
	GlobalSection(SolutionProperties) = preSolution
		HideSolutionNode = FALSE
	EndGlobalSection
	GlobalSection(ExtensibilityGlobals) = postSolution
		SolutionGuid = {5CA476B4-C3EE-4418-AE79-76F5FF3A9674}
	EndGlobalSection
EndGlobal
